
Microsoft Visual Studio Solution File, Format Version 12.00
# Visual Studio Version 17
VisualStudioVersion = 17.14.36414.22 d17.14
MinimumVisualStudioVersion = 10.0.40219.1
Project("{FAE04EC0-301F-11D3-BF4B-00C04F79EFBC}") = "RestFullApi", "RestFullApi.csproj", "{D6B90AB2-51ED-49EA-A2F7-04BABC440248}"
EndProject
Global
	GlobalSection(SolutionConfigurationPlatforms) = preSolution
		Debug|Any CPU = Debug|Any CPU
		Release|Any CPU = Release|Any CPU
	EndGlobalSection
	GlobalSection(ProjectConfigurationPlatforms) = postSolution
		{D6B90AB2-51ED-49EA-A2F7-04BABC440248}.Debug|Any CPU.ActiveCfg = Debug|Any CPU
		{D6B90AB2-51ED-49EA-A2F7-04BABC440248}.Debug|Any CPU.Build.0 = Debug|Any CPU
		{D6B90AB2-51ED-49EA-A2F7-04BABC440248}.Release|Any CPU.ActiveCfg = Release|Any CPU
		{D6B90AB2-51ED-49EA-A2F7-04BABC440248}.Release|Any CPU.Build.0 = Release|Any CPU
	EndGlobalSection
	GlobalSection(SolutionProperties) = preSolution
		HideSolutionNode = FALSE
	EndGlobalSection
	GlobalSection(ExtensibilityGlobals) = postSolution
		SolutionGuid = {3322A11A-1A24-4239-BAA8-CF1988009C04}
	EndGlobalSection
EndGlobal
